PODS:
  - adpopcorn_flutter_sdk (0.9.1):
    - AdPopcornOfferwall (~> 4.5.0)
    - Flutter
  - AdPopcornOfferwall (4.5.0)
  - Flutter (1.0.0)

DEPENDENCIES:
  - adpopcorn_flutter_sdk (from `.symlinks/plugins/adpopcorn_flutter_sdk/ios`)
  - Flutter (from `Flutter`)

SPEC REPOS:
  trunk:
    - AdPopcornOfferwall

EXTERNAL SOURCES:
  adpopcorn_flutter_sdk:
    :path: ".symlinks/plugins/adpopcorn_flutter_sdk/ios"
  Flutter:
    :path: Flutter

SPEC CHECKSUMS:
  adpopcorn_flutter_sdk: 7d559f690bf4dc2287981819b894c067d239e9b1
  AdPopcornOfferwall: 33ba41f874db39b571ef9cdde49c672745ce6f55
  Flutter: f04841e97a9d0b0a8025694d0796dd46242b2854

PODFILE CHECKSUM: e5ee00144d04e7b168ba7ea28a9753540e444f3d

COCOAPODS: 1.14.3
